
Microsoft Visual Studio Solution File, Format Version 12.00
# Visual Studio Version 17
VisualStudioVersion = 17.4.33205.214
MinimumVisualStudioVersion = 10.0.40219.1
Project("{FAE04EC0-301F-11D3-BF4B-00C04F79EFBC}") = "DesafioInterface", "DesafioInterface.csproj", "{9947E90F-E0E0-413E-A249-AD70C15AC738}"
EndProject
Global
	GlobalSection(SolutionConfigurationPlatforms) = preSolution
		Debug|Any CPU = Debug|Any CPU
		Release|Any CPU = Release|Any CPU
	EndGlobalSection
	GlobalSection(ProjectConfigurationPlatforms) = postSolution
		{9947E90F-E0E0-413E-A249-AD70C15AC738}.Debug|Any CPU.ActiveCfg = Debug|Any CPU
		{9947E90F-E0E0-413E-A249-AD70C15AC738}.Debug|Any CPU.Build.0 = Debug|Any CPU
		{9947E90F-E0E0-413E-A249-AD70C15AC738}.Release|Any CPU.ActiveCfg = Release|Any CPU
		{9947E90F-E0E0-413E-A249-AD70C15AC738}.Release|Any CPU.Build.0 = Release|Any CPU
	EndGlobalSection
	GlobalSection(SolutionProperties) = preSolution
		HideSolutionNode = FALSE
	EndGlobalSection
	GlobalSection(ExtensibilityGlobals) = postSolution
		SolutionGuid = {A8AB3749-5658-4DA5-A9A5-9907FE2EFDFB}
	EndGlobalSection
EndGlobal
